{
  "name": "meridian",
  "requires": true,
  "lockfileVersion": 1,
  "dependencies": {
    "dotenv": {
      "version": "16.5.0",
      "resolved": "https://registry.npmjs.org/dotenv/-/dotenv-16.5.0.tgz",
      "integrity": "sha512-m/C+AwOAr9/W1UOIZUo232ejMNnJAJtYQjUbHoNTBNTJSvqzzDh7vnrei3o3r3m9blf6ZoDkvcw0VmozNRFJxg=="
    },
    "prettier": {
      "version": "3.5.3",
      "dev": true
    },
    "turbo": {
      "version": "2.4.4",
      "dev": true,
      "requires": {
        "turbo-darwin-64": "2.4.4",
        "turbo-darwin-arm64": "2.4.4",
        "turbo-linux-64": "2.4.4",
        "turbo-linux-arm64": "2.4.4",
        "turbo-windows-64": "2.4.4",
        "turbo-windows-arm64": "2.4.4"
      }
    },
    "turbo-darwin-64": {
      "version": "2.4.4",
      "resolved": "https://registry.npmjs.org/turbo-darwin-64/-/turbo-darwin-64-2.4.4.tgz",
      "integrity": "sha512-5kPvRkLAfmWI0MH96D+/THnDMGXlFNmjeqNRj5grLKiry+M9pKj3pRuScddAXPdlxjO5Ptz06UNaOQrrYGTx1g==",
      "dev": true,
      "optional": true
    },
    "turbo-darwin-arm64": {
      "version": "2.4.4",
      "resolved": "https://registry.npmjs.org/turbo-darwin-arm64/-/turbo-darwin-arm64-2.4.4.tgz",
      "integrity": "sha512-/gtHPqbGQXDFhrmy+Q/MFW2HUTUlThJ97WLLSe4bxkDrKHecDYhAjbZ4rN3MM93RV9STQb3Tqy4pZBtsd4DfCw==",
      "dev": true,
      "optional": true
    },
    "turbo-linux-64": {
      "version": "2.4.4",
      "resolved": "https://registry.npmjs.org/turbo-linux-64/-/turbo-linux-64-2.4.4.tgz",
      "integrity": "sha512-SR0gri4k0bda56hw5u9VgDXLKb1Q+jrw4lM7WAhnNdXvVoep4d6LmnzgMHQQR12Wxl3KyWPbkz9d1whL6NTm2Q==",
      "dev": true,
      "optional": true
    },
    "turbo-linux-arm64": {
      "version": "2.4.4",
      "resolved": "https://registry.npmjs.org/turbo-linux-arm64/-/turbo-linux-arm64-2.4.4.tgz",
      "integrity": "sha512-COXXwzRd3vslQIfJhXUklgEqlwq35uFUZ7hnN+AUyXx7hUOLIiD5NblL+ETrHnhY4TzWszrbwUMfe2BYWtaPQg==",
      "dev": true,
      "optional": true
    },
    "turbo-windows-64": {
      "version": "2.4.4",
      "resolved": "https://registry.npmjs.org/turbo-windows-64/-/turbo-windows-64-2.4.4.tgz",
      "integrity": "sha512-PV9rYNouGz4Ff3fd6sIfQy5L7HT9a4fcZoEv8PKRavU9O75G7PoDtm8scpHU10QnK0QQNLbE9qNxOAeRvF0fJg==",
      "dev": true,
      "optional": true
    },
    "turbo-windows-arm64": {
      "version": "2.4.4",
      "resolved": "https://registry.npmjs.org/turbo-windows-arm64/-/turbo-windows-arm64-2.4.4.tgz",
      "integrity": "sha512-403sqp9t5sx6YGEC32IfZTVWkRAixOQomGYB8kEc6ZD+//LirSxzeCHCnM8EmSXw7l57U1G+Fb0kxgTcKPU/Lg==",
      "dev": true,
      "optional": true
    },
    "typescript": {
      "version": "5.8.2",
      "dev": true
    }
  }
}
